
Microsoft Visual Studio Solution File, Format Version 12.00
# Visual Studio Version 17
VisualStudioVersion = 17.8.34511.84
MinimumVisualStudioVersion = 10.0.40219.1
Project("{9A19103F-16F7-4668-BE54-9A1E7A4F7556}") = "DiyetUygulama.DATA", "DiyetUygulama.DATA\DiyetUygulama.DATA.csproj", "{B1BEA6B1-BCDF-446D-A2F3-79C4058F1772}"
EndProject
Project("{FAE04EC0-301F-11D3-BF4B-00C04F79EFBC}") = "DiyetUygulama.DAL", "DiyetUygulama.DAL\DiyetUygulama.DAL.csproj", "{97594FB6-0B88-4FB0-BB2F-67EB089458DC}"
EndProject
Global
	GlobalSection(SolutionConfigurationPlatforms) = preSolution
		Debug|Any CPU = Debug|Any CPU
		Release|Any CPU = Release|Any CPU
	EndGlobalSection
	GlobalSection(ProjectConfigurationPlatforms) = postSolution
		{B1BEA6B1-BCDF-446D-A2F3-79C4058F1772}.Debug|Any CPU.ActiveCfg = Debug|Any CPU
		{B1BEA6B1-BCDF-446D-A2F3-79C4058F1772}.Debug|Any CPU.Build.0 = Debug|Any CPU
		{B1BEA6B1-BCDF-446D-A2F3-79C4058F1772}.Release|Any CPU.ActiveCfg = Release|Any CPU
		{B1BEA6B1-BCDF-446D-A2F3-79C4058F1772}.Release|Any CPU.Build.0 = Release|Any CPU
		{97594FB6-0B88-4FB0-BB2F-67EB089458DC}.Debug|Any CPU.ActiveCfg = Debug|Any CPU
		{97594FB6-0B88-4FB0-BB2F-67EB089458DC}.Debug|Any CPU.Build.0 = Debug|Any CPU
		{97594FB6-0B88-4FB0-BB2F-67EB089458DC}.Release|Any CPU.ActiveCfg = Release|Any CPU
		{97594FB6-0B88-4FB0-BB2F-67EB089458DC}.Release|Any CPU.Build.0 = Release|Any CPU
	EndGlobalSection
	GlobalSection(SolutionProperties) = preSolution
		HideSolutionNode = FALSE
	EndGlobalSection
	GlobalSection(ExtensibilityGlobals) = postSolution
		SolutionGuid = {819CFB0F-EF8D-4BA5-8DCF-C6588B4095EC}
	EndGlobalSection
EndGlobal
